{
  "requires": true,
  "lockfileVersion": 1,
  "dependencies": {
    "animate.css": {
      "version": "4.1.1",
      "resolved": "https://registry.npmjs.org/animate.css/-/animate.css-4.1.1.tgz",
      "integrity": "sha512-+mRmCTv6SbCmtYJCN4faJMNFVNN5EuCTTprDTAo7YzIGji2KADmakjVA3+8mVDkZ2Bf09vayB35lSQIex2+QaQ=="
    },
    "vanilla-tilt": {
      "version": "1.7.0",
      "resolved": "https://registry.npmjs.org/vanilla-tilt/-/vanilla-tilt-1.7.0.tgz",
      "integrity": "sha512-u9yUhpSasFeqQCuiTon+RSb0aHzcj9stvWVXQIswzKL5oG491lkYk7U1GmhOAEZt7yPT6EiYZRJhIh2MFBncOA=="
    }
  }
}
